
Microsoft Visual Studio Solution File, Format Version 12.00
# Visual Studio Version 16
VisualStudioVersion = 16.0.31205.134
MinimumVisualStudioVersion = 10.0.40219.1
Project("{9A19103F-16F7-4668-BE54-9A1E7A4F7556}") = "Common", "Common\Common.csproj", "{D1C7E4AA-58A7-40BA-BA2D-0125CE26D888}"
EndProject
Project("{9A19103F-16F7-4668-BE54-9A1E7A4F7556}") = "IRepository", "IRepository\IRepository.csproj", "{8ACC27F0-99B7-4A5A-BB9C-7E666E475D94}"
EndProject
Project("{9A19103F-16F7-4668-BE54-9A1E7A4F7556}") = "Model", "Model\Model.csproj", "{A0669EED-AA55-462A-BD6D-FF754ED70A81}"
EndProject
Project("{9A19103F-16F7-4668-BE54-9A1E7A4F7556}") = "Repository", "Repository\Repository.csproj", "{21C833C7-B49A-4ED6-A30E-7750F516887C}"
EndProject
Project("{9A19103F-16F7-4668-BE54-9A1E7A4F7556}") = "SSO.Server", "SSO.Server\SSO.Server.csproj", "{987EBF53-F8E4-4CB5-8754-5EE1701D66E6}"
EndProject
Global
	GlobalSection(SolutionConfigurationPlatforms) = preSolution
		Debug|Any CPU = Debug|Any CPU
		Release|Any CPU = Release|Any CPU
	EndGlobalSection
	GlobalSection(ProjectConfigurationPlatforms) = postSolution
		{D1C7E4AA-58A7-40BA-BA2D-0125CE26D888}.Debug|Any CPU.ActiveCfg = Debug|Any CPU
		{D1C7E4AA-58A7-40BA-BA2D-0125CE26D888}.Debug|Any CPU.Build.0 = Debug|Any CPU
		{D1C7E4AA-58A7-40BA-BA2D-0125CE26D888}.Release|Any CPU.ActiveCfg = Release|Any CPU
		{D1C7E4AA-58A7-40BA-BA2D-0125CE26D888}.Release|Any CPU.Build.0 = Release|Any CPU
		{8ACC27F0-99B7-4A5A-BB9C-7E666E475D94}.Debug|Any CPU.ActiveCfg = Debug|Any CPU
		{8ACC27F0-99B7-4A5A-BB9C-7E666E475D94}.Debug|Any CPU.Build.0 = Debug|Any CPU
		{8ACC27F0-99B7-4A5A-BB9C-7E666E475D94}.Release|Any CPU.ActiveCfg = Release|Any CPU
		{8ACC27F0-99B7-4A5A-BB9C-7E666E475D94}.Release|Any CPU.Build.0 = Release|Any CPU
		{A0669EED-AA55-462A-BD6D-FF754ED70A81}.Debug|Any CPU.ActiveCfg = Debug|Any CPU
		{A0669EED-AA55-462A-BD6D-FF754ED70A81}.Debug|Any CPU.Build.0 = Debug|Any CPU
		{A0669EED-AA55-462A-BD6D-FF754ED70A81}.Release|Any CPU.ActiveCfg = Release|Any CPU
		{A0669EED-AA55-462A-BD6D-FF754ED70A81}.Release|Any CPU.Build.0 = Release|Any CPU
		{21C833C7-B49A-4ED6-A30E-7750F516887C}.Debug|Any CPU.ActiveCfg = Debug|Any CPU
		{21C833C7-B49A-4ED6-A30E-7750F516887C}.Debug|Any CPU.Build.0 = Debug|Any CPU
		{21C833C7-B49A-4ED6-A30E-7750F516887C}.Release|Any CPU.ActiveCfg = Release|Any CPU
		{21C833C7-B49A-4ED6-A30E-7750F516887C}.Release|Any CPU.Build.0 = Release|Any CPU
		{987EBF53-F8E4-4CB5-8754-5EE1701D66E6}.Debug|Any CPU.ActiveCfg = Debug|Any CPU
		{987EBF53-F8E4-4CB5-8754-5EE1701D66E6}.Debug|Any CPU.Build.0 = Debug|Any CPU
		{987EBF53-F8E4-4CB5-8754-5EE1701D66E6}.Release|Any CPU.ActiveCfg = Release|Any CPU
		{987EBF53-F8E4-4CB5-8754-5EE1701D66E6}.Release|Any CPU.Build.0 = Release|Any CPU
	EndGlobalSection
	GlobalSection(SolutionProperties) = preSolution
		HideSolutionNode = FALSE
	EndGlobalSection
	GlobalSection(ExtensibilityGlobals) = postSolution
		SolutionGuid = {BC03FB1A-E32F-44CF-A495-FC493E17FD18}
	EndGlobalSection
EndGlobal
